
Microsoft Visual Studio Solution File, Format Version 12.00
# Visual Studio Version 17
VisualStudioVersion = 17.9.34622.214
MinimumVisualStudioVersion = 10.0.40219.1
Project("{2150E333-8FDC-42A3-9474-1A3956D46DE8}") = "Services", "Services", "{3AA6787C-6329-4FA8-B371-F5C3162A0B9A}"
EndProject
Project("{2150E333-8FDC-42A3-9474-1A3956D46DE8}") = "Catalog", "Catalog", "{FCAA9ED3-7CD7-4AED-A5F3-93B44E54EE08}"
EndProject
Project("{9A19103F-16F7-4668-BE54-9A1E7A4F7556}") = "MultiShop.Catalog", "Services\Catalog\MultiShop.Catalog\MultiShop.Catalog.csproj", "{4A6119C4-ECE8-4649-9775-A16903054B0B}"
EndProject
Project("{2150E333-8FDC-42A3-9474-1A3956D46DE8}") = "Discount", "Discount", "{ACA75EDE-9BEA-4846-B251-AF578B477404}"
EndProject
Project("{9A19103F-16F7-4668-BE54-9A1E7A4F7556}") = "MultiShop.Discount", "Services\Discount\MultiShop.Discount\MultiShop.Discount.csproj", "{5E6376DD-0034-45C6-84FB-2997F8FE402A}"
EndProject
Project("{2150E333-8FDC-42A3-9474-1A3956D46DE8}") = "Order", "Order", "{044568A6-5DE2-4722-938D-48E21207E668}"
EndProject
Project("{2150E333-8FDC-42A3-9474-1A3956D46DE8}") = "Core", "Core", "{CA8728CF-5DC3-4294-8A84-8C3BD5D6FE76}"
EndProject
Project("{2150E333-8FDC-42A3-9474-1A3956D46DE8}") = "Infrastructure", "Infrastructure", "{095AF7E7-414B-4F10-8DEA-DDD534774C5E}"
EndProject
Project("{2150E333-8FDC-42A3-9474-1A3956D46DE8}") = "Presentation", "Presentation", "{9F570203-6941-4BF5-AD48-0A33208284F8}"
EndProject
Project("{9A19103F-16F7-4668-BE54-9A1E7A4F7556}") = "MultiShop.Order.Domain", "Services\Order\Core\MultiShop.Order.Domain\MultiShop.Order.Domain.csproj", "{1EE7CED4-1D21-4E16-B7C6-FBDD215261D1}"
EndProject
Project("{9A19103F-16F7-4668-BE54-9A1E7A4F7556}") = "MultiShop.Order.Application", "Services\Order\Core\MultiShop.Order.Application\MultiShop.Order.Application.csproj", "{9D765693-32F3-4A1F-B9C3-6B9F3B0B0C56}"
EndProject
Project("{9A19103F-16F7-4668-BE54-9A1E7A4F7556}") = "MultiShop.Order.Persistence", "Services\Order\Infrastructure\MultiShop.Order.Persistence\MultiShop.Order.Persistence.csproj", "{44FBBB5C-203C-455C-BEED-154C3BE58228}"
EndProject
Project("{9A19103F-16F7-4668-BE54-9A1E7A4F7556}") = "MultiShop.Order.WebApi", "Services\Order\Presentation\MultiShop.Order.WebApi\MultiShop.Order.WebApi.csproj", "{A82F412F-41FA-44CB-B3E6-FFAE7DAD58C2}"
EndProject
Project("{2150E333-8FDC-42A3-9474-1A3956D46DE8}") = "IdentityServer", "IdentityServer", "{ED006FD6-9861-41F5-9531-010E075230D5}"
EndProject
Project("{9A19103F-16F7-4668-BE54-9A1E7A4F7556}") = "MultiShop.IdentityServer", "IdentityServer\MultiShop.IdentityServer\MultiShop.IdentityServer.csproj", "{A7FAA328-DBDF-4C5B-A5CC-CAAF537831BE}"
EndProject
Project("{2150E333-8FDC-42A3-9474-1A3956D46DE8}") = "Requirements", "Requirements", "{6D620056-4CEA-44F0-8E34-4AC4AEAF532C}"
	ProjectSection(SolutionItems) = preProject
		PortainerCmd.txt = PortainerCmd.txt
		PortNumbers.txt = PortNumbers.txt
	EndProjectSection
EndProject
Project("{2150E333-8FDC-42A3-9474-1A3956D46DE8}") = "Cargo", "Cargo", "{CFFA7115-07C0-45AA-98E1-346FF31173B8}"
EndProject
Project("{9A19103F-16F7-4668-BE54-9A1E7A4F7556}") = "MultiShop.Cargo.EntityLayer", "Services\Cargo\MultiShop.Cargo.EntityLayer\MultiShop.Cargo.EntityLayer.csproj", "{6EE74A6A-B5CE-4D5A-9E1F-829E07D659FD}"
EndProject
Project("{9A19103F-16F7-4668-BE54-9A1E7A4F7556}") = "MultiShop.Cargo.BusinessLayer", "Services\Cargo\MultiShop.Cargo.BusinessLayer\MultiShop.Cargo.BusinessLayer.csproj", "{90E8AB7B-1472-4134-9178-E07002CB1A54}"
EndProject
Project("{9A19103F-16F7-4668-BE54-9A1E7A4F7556}") = "MultiShop.Cargo.DataAccessLayer", "Services\Cargo\MultiShop.Cargo.DataAccessLayer\MultiShop.Cargo.DataAccessLayer.csproj", "{63CF36D2-0C6F-4E64-9A19-3B5B395552E9}"
EndProject
Project("{9A19103F-16F7-4668-BE54-9A1E7A4F7556}") = "MultiShop.Cargo.DtoLayer", "Services\Cargo\MultiShop.Cargo.DtoLayer\MultiShop.Cargo.DtoLayer.csproj", "{4BA0A92E-3A3F-4D01-B484-117EE2AE088D}"
EndProject
Project("{9A19103F-16F7-4668-BE54-9A1E7A4F7556}") = "MultiShop.Cargo.WebApi", "Services\Cargo\MultiShop.Cargo.WebApi\MultiShop.Cargo.WebApi.csproj", "{57B1DF10-87A3-4D06-A843-3AAF5E558F0B}"
EndProject
Project("{2150E333-8FDC-42A3-9474-1A3956D46DE8}") = "Basket", "Basket", "{739217D3-4EE3-49E6-9391-151537DD2203}"
EndProject
Project("{9A19103F-16F7-4668-BE54-9A1E7A4F7556}") = "MultiShop.Basket", "Services\Basket\MultiShop.Basket\MultiShop.Basket.csproj", "{D52C77D7-0977-4F80-9168-017D541F330E}"
EndProject
Project("{2150E333-8FDC-42A3-9474-1A3956D46DE8}") = "Frontends", "Frontends", "{E4841C86-6F6F-4C31-9F63-CF902072F9E2}"
EndProject
Project("{9A19103F-16F7-4668-BE54-9A1E7A4F7556}") = "MultiShop.WebUI", "Frontends\MultiShop.WebUI\MultiShop.WebUI.csproj", "{6DE3D7EF-94CD-4375-8893-49DD6CD4AD19}"
EndProject
Project("{FAE04EC0-301F-11D3-BF4B-00C04F79EFBC}") = "MultiShop.DtoLayer", "FrontEnds\MultiShop.DtoLayer\MultiShop.DtoLayer.csproj", "{DEEA0FE6-AA37-486F-830F-91DEA5AA54C0}"
EndProject
Global
	GlobalSection(SolutionConfigurationPlatforms) = preSolution
		Debug|Any CPU = Debug|Any CPU
		Release|Any CPU = Release|Any CPU
	EndGlobalSection
	GlobalSection(ProjectConfigurationPlatforms) = postSolution
		{4A6119C4-ECE8-4649-9775-A16903054B0B}.Debug|Any CPU.ActiveCfg = Debug|Any CPU
		{4A6119C4-ECE8-4649-9775-A16903054B0B}.Debug|Any CPU.Build.0 = Debug|Any CPU
		{4A6119C4-ECE8-4649-9775-A16903054B0B}.Release|Any CPU.ActiveCfg = Release|Any CPU
		{4A6119C4-ECE8-4649-9775-A16903054B0B}.Release|Any CPU.Build.0 = Release|Any CPU
		{5E6376DD-0034-45C6-84FB-2997F8FE402A}.Debug|Any CPU.ActiveCfg = Debug|Any CPU
		{5E6376DD-0034-45C6-84FB-2997F8FE402A}.Debug|Any CPU.Build.0 = Debug|Any CPU
		{5E6376DD-0034-45C6-84FB-2997F8FE402A}.Release|Any CPU.ActiveCfg = Release|Any CPU
		{5E6376DD-0034-45C6-84FB-2997F8FE402A}.Release|Any CPU.Build.0 = Release|Any CPU
		{1EE7CED4-1D21-4E16-B7C6-FBDD215261D1}.Debug|Any CPU.ActiveCfg = Debug|Any CPU
		{1EE7CED4-1D21-4E16-B7C6-FBDD215261D1}.Debug|Any CPU.Build.0 = Debug|Any CPU
		{1EE7CED4-1D21-4E16-B7C6-FBDD215261D1}.Release|Any CPU.ActiveCfg = Release|Any CPU
		{1EE7CED4-1D21-4E16-B7C6-FBDD215261D1}.Release|Any CPU.Build.0 = Release|Any CPU
		{9D765693-32F3-4A1F-B9C3-6B9F3B0B0C56}.Debug|Any CPU.ActiveCfg = Debug|Any CPU
		{9D765693-32F3-4A1F-B9C3-6B9F3B0B0C56}.Debug|Any CPU.Build.0 = Debug|Any CPU
		{9D765693-32F3-4A1F-B9C3-6B9F3B0B0C56}.Release|Any CPU.ActiveCfg = Release|Any CPU
		{9D765693-32F3-4A1F-B9C3-6B9F3B0B0C56}.Release|Any CPU.Build.0 = Release|Any CPU
		{44FBBB5C-203C-455C-BEED-154C3BE58228}.Debug|Any CPU.ActiveCfg = Debug|Any CPU
		{44FBBB5C-203C-455C-BEED-154C3BE58228}.Debug|Any CPU.Build.0 = Debug|Any CPU
		{44FBBB5C-203C-455C-BEED-154C3BE58228}.Release|Any CPU.ActiveCfg = Release|Any CPU
		{44FBBB5C-203C-455C-BEED-154C3BE58228}.Release|Any CPU.Build.0 = Release|Any CPU
		{A82F412F-41FA-44CB-B3E6-FFAE7DAD58C2}.Debug|Any CPU.ActiveCfg = Debug|Any CPU
		{A82F412F-41FA-44CB-B3E6-FFAE7DAD58C2}.Debug|Any CPU.Build.0 = Debug|Any CPU
		{A82F412F-41FA-44CB-B3E6-FFAE7DAD58C2}.Release|Any CPU.ActiveCfg = Release|Any CPU
		{A82F412F-41FA-44CB-B3E6-FFAE7DAD58C2}.Release|Any CPU.Build.0 = Release|Any CPU
		{A7FAA328-DBDF-4C5B-A5CC-CAAF537831BE}.Debug|Any CPU.ActiveCfg = Debug|Any CPU
		{A7FAA328-DBDF-4C5B-A5CC-CAAF537831BE}.Debug|Any CPU.Build.0 = Debug|Any CPU
		{A7FAA328-DBDF-4C5B-A5CC-CAAF537831BE}.Release|Any CPU.ActiveCfg = Release|Any CPU
		{A7FAA328-DBDF-4C5B-A5CC-CAAF537831BE}.Release|Any CPU.Build.0 = Release|Any CPU
		{6EE74A6A-B5CE-4D5A-9E1F-829E07D659FD}.Debug|Any CPU.ActiveCfg = Debug|Any CPU
		{6EE74A6A-B5CE-4D5A-9E1F-829E07D659FD}.Debug|Any CPU.Build.0 = Debug|Any CPU
		{6EE74A6A-B5CE-4D5A-9E1F-829E07D659FD}.Release|Any CPU.ActiveCfg = Release|Any CPU
		{6EE74A6A-B5CE-4D5A-9E1F-829E07D659FD}.Release|Any CPU.Build.0 = Release|Any CPU
		{90E8AB7B-1472-4134-9178-E07002CB1A54}.Debug|Any CPU.ActiveCfg = Debug|Any CPU
		{90E8AB7B-1472-4134-9178-E07002CB1A54}.Debug|Any CPU.Build.0 = Debug|Any CPU
		{90E8AB7B-1472-4134-9178-E07002CB1A54}.Release|Any CPU.ActiveCfg = Release|Any CPU
		{90E8AB7B-1472-4134-9178-E07002CB1A54}.Release|Any CPU.Build.0 = Release|Any CPU
		{63CF36D2-0C6F-4E64-9A19-3B5B395552E9}.Debug|Any CPU.ActiveCfg = Debug|Any CPU
		{63CF36D2-0C6F-4E64-9A19-3B5B395552E9}.Debug|Any CPU.Build.0 = Debug|Any CPU
		{63CF36D2-0C6F-4E64-9A19-3B5B395552E9}.Release|Any CPU.ActiveCfg = Release|Any CPU
		{63CF36D2-0C6F-4E64-9A19-3B5B395552E9}.Release|Any CPU.Build.0 = Release|Any CPU
		{4BA0A92E-3A3F-4D01-B484-117EE2AE088D}.Debug|Any CPU.ActiveCfg = Debug|Any CPU
		{4BA0A92E-3A3F-4D01-B484-117EE2AE088D}.Debug|Any CPU.Build.0 = Debug|Any CPU
		{4BA0A92E-3A3F-4D01-B484-117EE2AE088D}.Release|Any CPU.ActiveCfg = Release|Any CPU
		{4BA0A92E-3A3F-4D01-B484-117EE2AE088D}.Release|Any CPU.Build.0 = Release|Any CPU
		{57B1DF10-87A3-4D06-A843-3AAF5E558F0B}.Debug|Any CPU.ActiveCfg = Debug|Any CPU
		{57B1DF10-87A3-4D06-A843-3AAF5E558F0B}.Debug|Any CPU.Build.0 = Debug|Any CPU
		{57B1DF10-87A3-4D06-A843-3AAF5E558F0B}.Release|Any CPU.ActiveCfg = Release|Any CPU
		{57B1DF10-87A3-4D06-A843-3AAF5E558F0B}.Release|Any CPU.Build.0 = Release|Any CPU
		{D52C77D7-0977-4F80-9168-017D541F330E}.Debug|Any CPU.ActiveCfg = Debug|Any CPU
		{D52C77D7-0977-4F80-9168-017D541F330E}.Debug|Any CPU.Build.0 = Debug|Any CPU
		{D52C77D7-0977-4F80-9168-017D541F330E}.Release|Any CPU.ActiveCfg = Release|Any CPU
		{D52C77D7-0977-4F80-9168-017D541F330E}.Release|Any CPU.Build.0 = Release|Any CPU
		{6DE3D7EF-94CD-4375-8893-49DD6CD4AD19}.Debug|Any CPU.ActiveCfg = Debug|Any CPU
		{6DE3D7EF-94CD-4375-8893-49DD6CD4AD19}.Debug|Any CPU.Build.0 = Debug|Any CPU
		{6DE3D7EF-94CD-4375-8893-49DD6CD4AD19}.Release|Any CPU.ActiveCfg = Release|Any CPU
		{6DE3D7EF-94CD-4375-8893-49DD6CD4AD19}.Release|Any CPU.Build.0 = Release|Any CPU
		{DEEA0FE6-AA37-486F-830F-91DEA5AA54C0}.Debug|Any CPU.ActiveCfg = Debug|Any CPU
		{DEEA0FE6-AA37-486F-830F-91DEA5AA54C0}.Debug|Any CPU.Build.0 = Debug|Any CPU
		{DEEA0FE6-AA37-486F-830F-91DEA5AA54C0}.Release|Any CPU.ActiveCfg = Release|Any CPU
		{DEEA0FE6-AA37-486F-830F-91DEA5AA54C0}.Release|Any CPU.Build.0 = Release|Any CPU
	EndGlobalSection
	GlobalSection(SolutionProperties) = preSolution
		HideSolutionNode = FALSE
	EndGlobalSection
	GlobalSection(NestedProjects) = preSolution
		{FCAA9ED3-7CD7-4AED-A5F3-93B44E54EE08} = {3AA6787C-6329-4FA8-B371-F5C3162A0B9A}
		{4A6119C4-ECE8-4649-9775-A16903054B0B} = {FCAA9ED3-7CD7-4AED-A5F3-93B44E54EE08}
		{ACA75EDE-9BEA-4846-B251-AF578B477404} = {3AA6787C-6329-4FA8-B371-F5C3162A0B9A}
		{5E6376DD-0034-45C6-84FB-2997F8FE402A} = {ACA75EDE-9BEA-4846-B251-AF578B477404}
		{044568A6-5DE2-4722-938D-48E21207E668} = {3AA6787C-6329-4FA8-B371-F5C3162A0B9A}
		{CA8728CF-5DC3-4294-8A84-8C3BD5D6FE76} = {044568A6-5DE2-4722-938D-48E21207E668}
		{095AF7E7-414B-4F10-8DEA-DDD534774C5E} = {044568A6-5DE2-4722-938D-48E21207E668}
		{9F570203-6941-4BF5-AD48-0A33208284F8} = {044568A6-5DE2-4722-938D-48E21207E668}
		{1EE7CED4-1D21-4E16-B7C6-FBDD215261D1} = {CA8728CF-5DC3-4294-8A84-8C3BD5D6FE76}
		{9D765693-32F3-4A1F-B9C3-6B9F3B0B0C56} = {CA8728CF-5DC3-4294-8A84-8C3BD5D6FE76}
		{44FBBB5C-203C-455C-BEED-154C3BE58228} = {095AF7E7-414B-4F10-8DEA-DDD534774C5E}
		{A82F412F-41FA-44CB-B3E6-FFAE7DAD58C2} = {9F570203-6941-4BF5-AD48-0A33208284F8}
		{A7FAA328-DBDF-4C5B-A5CC-CAAF537831BE} = {ED006FD6-9861-41F5-9531-010E075230D5}
		{CFFA7115-07C0-45AA-98E1-346FF31173B8} = {3AA6787C-6329-4FA8-B371-F5C3162A0B9A}
		{6EE74A6A-B5CE-4D5A-9E1F-829E07D659FD} = {CFFA7115-07C0-45AA-98E1-346FF31173B8}
		{90E8AB7B-1472-4134-9178-E07002CB1A54} = {CFFA7115-07C0-45AA-98E1-346FF31173B8}
		{63CF36D2-0C6F-4E64-9A19-3B5B395552E9} = {CFFA7115-07C0-45AA-98E1-346FF31173B8}
		{4BA0A92E-3A3F-4D01-B484-117EE2AE088D} = {CFFA7115-07C0-45AA-98E1-346FF31173B8}
		{57B1DF10-87A3-4D06-A843-3AAF5E558F0B} = {CFFA7115-07C0-45AA-98E1-346FF31173B8}
		{739217D3-4EE3-49E6-9391-151537DD2203} = {3AA6787C-6329-4FA8-B371-F5C3162A0B9A}
		{D52C77D7-0977-4F80-9168-017D541F330E} = {739217D3-4EE3-49E6-9391-151537DD2203}
		{6DE3D7EF-94CD-4375-8893-49DD6CD4AD19} = {E4841C86-6F6F-4C31-9F63-CF902072F9E2}
		{DEEA0FE6-AA37-486F-830F-91DEA5AA54C0} = {E4841C86-6F6F-4C31-9F63-CF902072F9E2}
	EndGlobalSection
	GlobalSection(ExtensibilityGlobals) = postSolution
		SolutionGuid = {64E5B888-28C4-49F5-A622-6F7118D6CB6C}
	EndGlobalSection
EndGlobal
