
Microsoft Visual Studio Solution File, Format Version 12.00
# Visual Studio Version 17
VisualStudioVersion = 17.9.34622.214
MinimumVisualStudioVersion = 10.0.40219.1
Project("{2150E333-8FDC-42A3-9474-1A3956D46DE8}") = "Services", "Services", "{3AA6787C-6329-4FA8-B371-F5C3162A0B9A}"
EndProject
Project("{2150E333-8FDC-42A3-9474-1A3956D46DE8}") = "Catalog", "Catalog", "{FCAA9ED3-7CD7-4AED-A5F3-93B44E54EE08}"
EndProject
Project("{9A19103F-16F7-4668-BE54-9A1E7A4F7556}") = "MultiShop.Catalog", "Services\Catalog\MultiShop.Catalog\MultiShop.Catalog.csproj", "{4A6119C4-ECE8-4649-9775-A16903054B0B}"
EndProject
Project("{2150E333-8FDC-42A3-9474-1A3956D46DE8}") = "Discount", "Discount", "{ACA75EDE-9BEA-4846-B251-AF578B477404}"
EndProject
Project("{9A19103F-16F7-4668-BE54-9A1E7A4F7556}") = "MultiShop.Discount", "Services\Discount\MultiShop.Discount\MultiShop.Discount.csproj", "{5E6376DD-0034-45C6-84FB-2997F8FE402A}"
EndProject
Project("{2150E333-8FDC-42A3-9474-1A3956D46DE8}") = "Order", "Order", "{044568A6-5DE2-4722-938D-48E21207E668}"
EndProject
Project("{2150E333-8FDC-42A3-9474-1A3956D46DE8}") = "Core", "Core", "{CA8728CF-5DC3-4294-8A84-8C3BD5D6FE76}"
EndProject
Project("{2150E333-8FDC-42A3-9474-1A3956D46DE8}") = "Infrastructure", "Infrastructure", "{095AF7E7-414B-4F10-8DEA-DDD534774C5E}"
EndProject
Project("{2150E333-8FDC-42A3-9474-1A3956D46DE8}") = "Presentation", "Presentation", "{9F570203-6941-4BF5-AD48-0A33208284F8}"
EndProject
Project("{FAE04EC0-301F-11D3-BF4B-00C04F79EFBC}") = "MultiShop.Order.Domain", "Services\Order\Core\MultiShop.Order.Domain\MultiShop.Order.Domain.csproj", "{1EE7CED4-1D21-4E16-B7C6-FBDD215261D1}"
EndProject
Project("{FAE04EC0-301F-11D3-BF4B-00C04F79EFBC}") = "MultiShop.Order.Application", "Services\Order\Core\MultiShop.Order.Application\MultiShop.Order.Application.csproj", "{9D765693-32F3-4A1F-B9C3-6B9F3B0B0C56}"
EndProject
Project("{FAE04EC0-301F-11D3-BF4B-00C04F79EFBC}") = "MultiShop.Order.Persistence", "Services\Order\Infrastructure\MultiShop.Order.Persistence\MultiShop.Order.Persistence.csproj", "{44FBBB5C-203C-455C-BEED-154C3BE58228}"
EndProject
Project("{FAE04EC0-301F-11D3-BF4B-00C04F79EFBC}") = "MultiShop.Order.WebApi", "Services\Order\Presentation\MultiShop.Order.WebApi\MultiShop.Order.WebApi.csproj", "{A82F412F-41FA-44CB-B3E6-FFAE7DAD58C2}"
EndProject
Global
	GlobalSection(SolutionConfigurationPlatforms) = preSolution
		Debug|Any CPU = Debug|Any CPU
		Release|Any CPU = Release|Any CPU
	EndGlobalSection
	GlobalSection(ProjectConfigurationPlatforms) = postSolution
		{4A6119C4-ECE8-4649-9775-A16903054B0B}.Debug|Any CPU.ActiveCfg = Debug|Any CPU
		{4A6119C4-ECE8-4649-9775-A16903054B0B}.Debug|Any CPU.Build.0 = Debug|Any CPU
		{4A6119C4-ECE8-4649-9775-A16903054B0B}.Release|Any CPU.ActiveCfg = Release|Any CPU
		{4A6119C4-ECE8-4649-9775-A16903054B0B}.Release|Any CPU.Build.0 = Release|Any CPU
		{5E6376DD-0034-45C6-84FB-2997F8FE402A}.Debug|Any CPU.ActiveCfg = Debug|Any CPU
		{5E6376DD-0034-45C6-84FB-2997F8FE402A}.Debug|Any CPU.Build.0 = Debug|Any CPU
		{5E6376DD-0034-45C6-84FB-2997F8FE402A}.Release|Any CPU.ActiveCfg = Release|Any CPU
		{5E6376DD-0034-45C6-84FB-2997F8FE402A}.Release|Any CPU.Build.0 = Release|Any CPU
		{1EE7CED4-1D21-4E16-B7C6-FBDD215261D1}.Debug|Any CPU.ActiveCfg = Debug|Any CPU
		{1EE7CED4-1D21-4E16-B7C6-FBDD215261D1}.Debug|Any CPU.Build.0 = Debug|Any CPU
		{1EE7CED4-1D21-4E16-B7C6-FBDD215261D1}.Release|Any CPU.ActiveCfg = Release|Any CPU
		{1EE7CED4-1D21-4E16-B7C6-FBDD215261D1}.Release|Any CPU.Build.0 = Release|Any CPU
		{9D765693-32F3-4A1F-B9C3-6B9F3B0B0C56}.Debug|Any CPU.ActiveCfg = Debug|Any CPU
		{9D765693-32F3-4A1F-B9C3-6B9F3B0B0C56}.Debug|Any CPU.Build.0 = Debug|Any CPU
		{9D765693-32F3-4A1F-B9C3-6B9F3B0B0C56}.Release|Any CPU.ActiveCfg = Release|Any CPU
		{9D765693-32F3-4A1F-B9C3-6B9F3B0B0C56}.Release|Any CPU.Build.0 = Release|Any CPU
		{44FBBB5C-203C-455C-BEED-154C3BE58228}.Debug|Any CPU.ActiveCfg = Debug|Any CPU
		{44FBBB5C-203C-455C-BEED-154C3BE58228}.Debug|Any CPU.Build.0 = Debug|Any CPU
		{44FBBB5C-203C-455C-BEED-154C3BE58228}.Release|Any CPU.ActiveCfg = Release|Any CPU
		{44FBBB5C-203C-455C-BEED-154C3BE58228}.Release|Any CPU.Build.0 = Release|Any CPU
		{A82F412F-41FA-44CB-B3E6-FFAE7DAD58C2}.Debug|Any CPU.ActiveCfg = Debug|Any CPU
		{A82F412F-41FA-44CB-B3E6-FFAE7DAD58C2}.Debug|Any CPU.Build.0 = Debug|Any CPU
		{A82F412F-41FA-44CB-B3E6-FFAE7DAD58C2}.Release|Any CPU.ActiveCfg = Release|Any CPU
		{A82F412F-41FA-44CB-B3E6-FFAE7DAD58C2}.Release|Any CPU.Build.0 = Release|Any CPU
	EndGlobalSection
	GlobalSection(SolutionProperties) = preSolution
		HideSolutionNode = FALSE
	EndGlobalSection
	GlobalSection(NestedProjects) = preSolution
		{FCAA9ED3-7CD7-4AED-A5F3-93B44E54EE08} = {3AA6787C-6329-4FA8-B371-F5C3162A0B9A}
		{4A6119C4-ECE8-4649-9775-A16903054B0B} = {FCAA9ED3-7CD7-4AED-A5F3-93B44E54EE08}
		{ACA75EDE-9BEA-4846-B251-AF578B477404} = {3AA6787C-6329-4FA8-B371-F5C3162A0B9A}
		{5E6376DD-0034-45C6-84FB-2997F8FE402A} = {ACA75EDE-9BEA-4846-B251-AF578B477404}
		{044568A6-5DE2-4722-938D-48E21207E668} = {3AA6787C-6329-4FA8-B371-F5C3162A0B9A}
		{CA8728CF-5DC3-4294-8A84-8C3BD5D6FE76} = {044568A6-5DE2-4722-938D-48E21207E668}
		{095AF7E7-414B-4F10-8DEA-DDD534774C5E} = {044568A6-5DE2-4722-938D-48E21207E668}
		{9F570203-6941-4BF5-AD48-0A33208284F8} = {044568A6-5DE2-4722-938D-48E21207E668}
		{1EE7CED4-1D21-4E16-B7C6-FBDD215261D1} = {CA8728CF-5DC3-4294-8A84-8C3BD5D6FE76}
		{9D765693-32F3-4A1F-B9C3-6B9F3B0B0C56} = {CA8728CF-5DC3-4294-8A84-8C3BD5D6FE76}
		{44FBBB5C-203C-455C-BEED-154C3BE58228} = {095AF7E7-414B-4F10-8DEA-DDD534774C5E}
		{A82F412F-41FA-44CB-B3E6-FFAE7DAD58C2} = {9F570203-6941-4BF5-AD48-0A33208284F8}
	EndGlobalSection
	GlobalSection(ExtensibilityGlobals) = postSolution
		SolutionGuid = {64E5B888-28C4-49F5-A622-6F7118D6CB6C}
	EndGlobalSection
EndGlobal
